
Microsoft Visual Studio Solution File, Format Version 12.00
# Visual Studio Version 16
VisualStudioVersion = 16.0.28922.388
MinimumVisualStudioVersion = 10.0.40219.1
Project("{FAE04EC0-301F-11D3-BF4B-00C04F79EFBC}") = "MM Kennels", "MM Kennels\MM Kennels.csproj", "{242D4285-B6E6-40DB-9D6C-6A3877C677B2}"
EndProject
Global
	GlobalSection(SolutionConfigurationPlatforms) = preSolution
		Debug|Any CPU = Debug|Any CPU
		Release|Any CPU = Release|Any CPU
	EndGlobalSection
	GlobalSection(ProjectConfigurationPlatforms) = postSolution
		{242D4285-B6E6-40DB-9D6C-6A3877C677B2}.Debug|Any CPU.ActiveCfg = Debug|Any CPU
		{242D4285-B6E6-40DB-9D6C-6A3877C677B2}.Debug|Any CPU.Build.0 = Debug|Any CPU
		{242D4285-B6E6-40DB-9D6C-6A3877C677B2}.Release|Any CPU.ActiveCfg = Release|Any CPU
		{242D4285-B6E6-40DB-9D6C-6A3877C677B2}.Release|Any CPU.Build.0 = Release|Any CPU
	EndGlobalSection
	GlobalSection(SolutionProperties) = preSolution
		HideSolutionNode = FALSE
	EndGlobalSection
	GlobalSection(ExtensibilityGlobals) = postSolution
		SolutionGuid = {4038C0D1-A632-47FE-BCA1-DBDB565AD0A6}
	EndGlobalSection
EndGlobal
